
Microsoft Visual Studio Solution File, Format Version 12.00
# Visual Studio Version 17
VisualStudioVersion = 17.6.33723.286
MinimumVisualStudioVersion = 10.0.40219.1
Project("{FAE04EC0-301F-11D3-BF4B-00C04F79EFBC}") = "TaskManager", "TaskManager\TaskManager.csproj", "{13C39495-DEB6-4068-8270-1A5811E9303F}"
EndProject
Global
	GlobalSection(SolutionConfigurationPlatforms) = preSolution
		Debug|Any CPU = Debug|Any CPU
		Release|Any CPU = Release|Any CPU
	EndGlobalSection
	GlobalSection(ProjectConfigurationPlatforms) = postSolution
		{13C39495-DEB6-4068-8270-1A5811E9303F}.Debug|Any CPU.ActiveCfg = Debug|Any CPU
		{13C39495-DEB6-4068-8270-1A5811E9303F}.Debug|Any CPU.Build.0 = Debug|Any CPU
		{13C39495-DEB6-4068-8270-1A5811E9303F}.Release|Any CPU.ActiveCfg = Release|Any CPU
		{13C39495-DEB6-4068-8270-1A5811E9303F}.Release|Any CPU.Build.0 = Release|Any CPU
	EndGlobalSection
	GlobalSection(SolutionProperties) = preSolution
		HideSolutionNode = FALSE
	EndGlobalSection
	GlobalSection(ExtensibilityGlobals) = postSolution
		SolutionGuid = {D1EBBA6B-5108-43F3-8699-F616274B4526}
	EndGlobalSection
EndGlobal
